// !$*UTF8*$!
{
	archiveVersion = 1;
	classes = {
	};
	objectVersion = 46;
	objects = {

/* Begin PBXBuildFile section */
		163C902D1AAA90EE0045404E /* AppDelegate.swift in Sources */ = {isa = PBXBuildFile; fileRef = 163C902C1AAA90EE0045404E /* AppDelegate.swift */; };
		163C902F1AAA90EE0045404E /* ViewController.swift in Sources */ = {isa = PBXBuildFile; fileRef = 163C902E1AAA90EE0045404E /* ViewController.swift */; };
		163C90321AAA90EE0045404E /* Main.storyboard in Resources */ = {isa = PBXBuildFile; fileRef = 163C90301AAA90EE0045404E /* Main.storyboard */; };
		163C90341AAA90EE0045404E /* Images.xcassets in Resources */ = {isa = PBXBuildFile; fileRef = 163C90331AAA90EE0045404E /* Images.xcassets */; };
		163C90371AAA90EE0045404E /* LaunchScreen.xib in Resources */ = {isa = PBXBuildFile; fileRef = 163C90351AAA90EE0045404E /* LaunchScreen.xib */; };
		163C90431AAA90EE0045404E /* TouchExTests.swift in Sources */ = {isa = PBXBuildFile; fileRef = 163C90421AAA90EE0045404E /* TouchExTests.swift */; };
		163C904D1AAA91040045404E /* TouchEx.swift in Sources */ = {isa = PBXBuildFile; fileRef = 163C904C1AAA91040045404E /* TouchEx.swift */; };
/* End PBXBuildFile section */

/* Begin PBXContainerItemProxy section */
		163C903D1AAA90EE0045404E /* PBXContainerItemProxy */ = {
			isa = PBXContainerItemProxy;
			containerPortal = 163C901F1AAA90EE0045404E /* Project object */;
			proxyType = 1;
			remoteGlobalIDString = 163C90261AAA90EE0045404E;
			remoteInfo = TouchEx;
		};
/* End PBXContainerItemProxy section */

/* Begin PBXFileReference section */
		163C90271AAA90EE0045404E /* TouchEx.app */ = {isa = PBXFileReference; explicitFileType = wrapper.application; includeInIndex = 0; path = TouchEx.app; sourceTree = BUILT_PRODUCTS_DIR; };
		163C902B1AAA90EE0045404E /* Info.plist */ = {isa = PBXFileReference; lastKnownFileType = text.plist.xml; path = Info.plist; sourceTree = "<group>"; };
		163C902C1AAA90EE0045404E /* AppDelegate.swift */ = {isa = PBXFileReference; lastKnownFileType = sourcecode.swift; path = AppDelegate.swift; sourceTree = "<group>"; };
		163C902E1AAA90EE0045404E /* ViewController.swift */ = {isa = PBXFileReference; lastKnownFileType = sourcecode.swift; path = ViewController.swift; sourceTree = "<group>"; };
		163C90311AAA90EE0045404E /* Base */ = {isa = PBXFileReference; lastKnownFileType = file.storyboard; name = Base; path = Base.lproj/Main.storyboard; sourceTree = "<group>"; };
		163C90331AAA90EE0045404E /* Images.xcassets */ = {isa = PBXFileReference; lastKnownFileType = folder.assetcatalog; path = Images.xcassets; sourceTree = "<group>"; };
		163C90361AAA90EE0045404E /* Base */ = {isa = PBXFileReference; lastKnownFileType = file.xib; name = Base; path = Base.lproj/LaunchScreen.xib; sourceTree = "<group>"; };
		163C903C1AAA90EE0045404E /* TouchExTests.xctest */ = {isa = PBXFileReference; explicitFileType = wrapper.cfbundle; includeInIndex = 0; path = TouchExTests.xctest; sourceTree = BUILT_PRODUCTS_DIR; };
		163C90411AAA90EE0045404E /* Info.plist */ = {isa = PBXFileReference; lastKnownFileType = text.plist.xml; path = Info.plist; sourceTree = "<group>"; };
		163C90421AAA90EE0045404E /* TouchExTests.swift */ = {isa = PBXFileReference; lastKnownFileType = sourcecode.swift; path = TouchExTests.swift; sourceTree = "<group>"; };
		163C904C1AAA91040045404E /* TouchEx.swift */ = {isa = PBXFileReference; fileEncoding = 4; lastKnownFileType = sourcecode.swift; path = TouchEx.swift; sourceTree = "<group>"; };
/* End PBXFileReference section */

/* Begin PBXFrameworksBuildPhase section */
		163C90241AAA90EE0045404E /* Frameworks */ = {
			isa = PBXFrameworksBuildPhase;
			buildActionMask = 2147483647;
			files = (
			);
			runOnlyForDeploymentPostprocessing = 0;
		};
		163C90391AAA90EE0045404E /* Frameworks */ = {
			isa = PBXFrameworksBuildPhase;
			buildActionMask = 2147483647;
			files = (
			);
			runOnlyForDeploymentPostprocessing = 0;
		};
/* End PBXFrameworksBuildPhase section */

/* Begin PBXGroup section */
		163C901E1AAA90EE0045404E = {
			isa = PBXGroup;
			children = (
				163C90291AAA90EE0045404E /* TouchEx */,
				163C903F1AAA90EE0045404E /* TouchExTests */,
				163C90281AAA90EE0045404E /* Products */,
			);
			sourceTree = "<group>";
		};
		163C90281AAA90EE0045404E /* Products */ = {
			isa = PBXGroup;
			children = (
				163C90271AAA90EE0045404E /* TouchEx.app */,
				163C903C1AAA90EE0045404E /* TouchExTests.xctest */,
			);
			name = Products;
			sourceTree = "<group>";
		};
		163C90291AAA90EE0045404E /* TouchEx */ = {
			isa = PBXGroup;
			children = (
				163C902C1AAA90EE0045404E /* AppDelegate.swift */,
				163C902E1AAA90EE0045404E /* ViewController.swift */,
				163C90301AAA90EE0045404E /* Main.storyboard */,
				163C90331AAA90EE0045404E /* Images.xcassets */,
				163C90351AAA90EE0045404E /* LaunchScreen.xib */,
				163C902A1AAA90EE0045404E /* Supporting Files */,
				163C904C1AAA91040045404E /* TouchEx.swift */,
			);
			path = TouchEx;
			sourceTree = "<group>";
		};
		163C902A1AAA90EE0045404E /* Supporting Files */ = {
			isa = PBXGroup;
			children = (
				163C902B1AAA90EE0045404E /* Info.plist */,
			);
			name = "Supporting Files";
			sourceTree = "<group>";
		};
		163C903F1AAA90EE0045404E /* TouchExTests */ = {
			isa = PBXGroup;
			children = (
				163C90421AAA90EE0045404E /* TouchExTests.swift */,
				163C90401AAA90EE0045404E /* Supporting Files */,
			);
			path = TouchExTests;
			sourceTree = "<group>";
		};
		163C90401AAA90EE0045404E /* Supporting Files */ = {
			isa = PBXGroup;
			children = (
				163C90411AAA90EE0045404E /* Info.plist */,
			);
			name = "Supporting Files";
			sourceTree = "<group>";
		};
/* End PBXGroup section */

/* Begin PBXNativeTarget section */
		163C90261AAA90EE0045404E /* TouchEx */ = {
			isa = PBXNativeTarget;
			buildConfigurationList = 163C90461AAA90EE0045404E /* Build configuration list for PBXNativeTarget "TouchEx" */;
			buildPhases = (
				163C90231AAA90EE0045404E /* Sources */,
				163C90241AAA90EE0045404E /* Frameworks */,
				163C90251AAA90EE0045404E /* Resources */,
			);
			buildRules = (
			);
			dependencies = (
			);
			name = TouchEx;
			productName = TouchEx;
			productReference = 163C90271AAA90EE0045404E /* TouchEx.app */;
			productType = "com.apple.product-type.application";
		};
		163C903B1AAA90EE0045404E /* TouchExTests */ = {
			isa = PBXNativeTarget;
			buildConfigurationList = 163C90491AAA90EE0045404E /* Build configuration list for PBXNativeTarget "TouchExTests" */;
			buildPhases = (
				163C90381AAA90EE0045404E /* Sources */,
				163C90391AAA90EE0045404E /* Frameworks */,
				163C903A1AAA90EE0045404E /* Resources */,
			);
			buildRules = (
			);
			dependencies = (
				163C903E1AAA90EE0045404E /* PBXTargetDependency */,
			);
			name = TouchExTests;
			productName = TouchExTests;
			productReference = 163C903C1AAA90EE0045404E /* TouchExTests.xctest */;
			productType = "com.apple.product-type.bundle.unit-test";
		};
/* End PBXNativeTarget section */

/* Begin PBXProject section */
		163C901F1AAA90EE0045404E /* Project object */ = {
			isa = PBXProject;
			attributes = {
				LastUpgradeCheck = 0610;
				ORGANIZATIONNAME = "Peppermint Club";
				TargetAttributes = {
					163C90261AAA90EE0045404E = {
						CreatedOnToolsVersion = 6.1.1;
					};
					163C903B1AAA90EE0045404E = {
						CreatedOnToolsVersion = 6.1.1;
						TestTargetID = 163C90261AAA90EE0045404E;
					};
				};
			};
			buildConfigurationList = 163C90221AAA90EE0045404E /* Build configuration list for PBXProject "TouchEx" */;
			compatibilityVersion = "Xcode 3.2";
			developmentRegion = English;
			hasScannedForEncodings = 0;
			knownRegions = (
				en,
				Base,
			);
			mainGroup = 163C901E1AAA90EE0045404E;
			productRefGroup = 163C90281AAA90EE0045404E /* Products */;
			projectDirPath = "";
			projectRoot = "";
			targets = (
				163C90261AAA90EE0045404E /* TouchEx */,
				163C903B1AAA90EE0045404E /* TouchExTests */,
			);
		};
/* End PBXProject section */

/* Begin PBXResourcesBuildPhase section */
		163C90251AAA90EE0045404E /* Resources */ = {
			isa = PBXResourcesBuildPhase;
			buildActionMask = 2147483647;
			files = (
				163C90321AAA90EE0045404E /* Main.storyboard in Resources */,
				163C90371AAA90EE0045404E /* LaunchScreen.xib in Resources */,
				163C90341AAA90EE0045404E /* Images.xcassets in Resources */,
			);
			runOnlyForDeploymentPostprocessing = 0;
		};
		163C903A1AAA90EE0045404E /* Resources */ = {
			isa = PBXResourcesBuildPhase;
			buildActionMask = 2147483647;
			files = (
			);
			runOnlyForDeploymentPostprocessing = 0;
		};
/* End PBXResourcesBuildPhase section */

/* Begin PBXSourcesBuildPhase section */
		163C90231AAA90EE0045404E /* Sources */ = {
			isa = PBXSourcesBuildPhase;
			buildActionMask = 2147483647;
			files = (
				163C902F1AAA90EE0045404E /* ViewController.swift in Sources */,
				163C902D1AAA90EE0045404E /* AppDelegate.swift in Sources */,
				163C904D1AAA91040045404E /* TouchEx.swift in Sources */,
			);
			runOnlyForDeploymentPostprocessing = 0;
		};
		163C90381AAA90EE0045404E /* Sources */ = {
			isa = PBXSourcesBuildPhase;
			buildActionMask = 2147483647;
			files = (
				163C90431AAA90EE0045404E /* TouchExTests.swift in Sources */,
			);
			runOnlyForDeploymentPostprocessing = 0;
		};
/* End PBXSourcesBuildPhase section */

/* Begin PBXTargetDependency section */
		163C903E1AAA90EE0045404E /* PBXTargetDependency */ = {
			isa = PBXTargetDependency;
			target = 163C90261AAA90EE0045404E /* TouchEx */;
			targetProxy = 163C903D1AAA90EE0045404E /* PBXContainerItemProxy */;
		};
/* End PBXTargetDependency section */

/* Begin PBXVariantGroup section */
		163C90301AAA90EE0045404E /* Main.storyboard */ = {
			isa = PBXVariantGroup;
			children = (
				163C90311AAA90EE0045404E /* Base */,
			);
			name = Main.storyboard;
			sourceTree = "<group>";
		};
		163C90351AAA90EE0045404E /* LaunchScreen.xib */ = {
			isa = PBXVariantGroup;
			children = (
				163C90361AAA90EE0045404E /* Base */,
			);
			name = LaunchScreen.xib;
			sourceTree = "<group>";
		};
/* End PBXVariantGroup section */

/* Begin XCBuildConfiguration section */
		163C90441AAA90EE0045404E /* Debug */ = {
			isa = XCBuildConfiguration;
			buildSettings = {
				ALWAYS_SEARCH_USER_PATHS = NO;
				CLANG_CXX_LANGUAGE_STANDARD = "gnu++0x";
				CLANG_CXX_LIBRARY = "libc++";
				CLANG_ENABLE_MODULES = YES;
				CLANG_ENABLE_OBJC_ARC = YES;
				CLANG_WARN_BOOL_CONVERSION = YES;
				CLANG_WARN_CONSTANT_CONVERSION = YES;
				CLANG_WARN_DIRECT_OBJC_ISA_USAGE = YES_ERROR;
				CLANG_WARN_EMPTY_BODY = YES;
				CLANG_WARN_ENUM_CONVERSION = YES;
				CLANG_WARN_INT_CONVERSION = YES;
				CLANG_WARN_OBJC_ROOT_CLASS = YES_ERROR;
				CLANG_WARN_UNREACHABLE_CODE = YES;
				CLANG_WARN__DUPLICATE_METHOD_MATCH = YES;
				"CODE_SIGN_IDENTITY[sdk=iphoneos*]" = "iPhone Developer";
				COPY_PHASE_STRIP = NO;
				ENABLE_STRICT_OBJC_MSGSEND = YES;
				GCC_C_LANGUAGE_STANDARD = gnu99;
				GCC_DYNAMIC_NO_PIC = NO;
				GCC_OPTIMIZATION_LEVEL = 0;
				GCC_PREPROCESSOR_DEFINITIONS = (
					"DEBUG=1",
					"$(inherited)",
				);
				GCC_SYMBOLS_PRIVATE_EXTERN = NO;
				GCC_WARN_64_TO_32_BIT_CONVERSION = YES;
				GCC_WARN_ABOUT_RETURN_TYPE = YES_ERROR;
				GCC_WARN_UNDECLARED_SELECTOR = YES;
				GCC_WARN_UNINITIALIZED_AUTOS = YES_AGGRESSIVE;
				GCC_WARN_UNUSED_FUNCTION = YES;
				GCC_WARN_UNUSED_VARIABLE = YES;
				IPHONEOS_DEPLOYMENT_TARGET = 8.1;
				MTL_ENABLE_DEBUG_INFO = YES;
				ONLY_ACTIVE_ARCH = YES;
				SDKROOT = iphoneos;
				SWIFT_OPTIMIZATION_LEVEL = "-Onone";
			};
			name = Debug;
		};
		163C90451AAA90EE0045404E /* Release */ = {
			isa = XCBuildConfiguration;
			buildSettings = {
				ALWAYS_SEARCH_USER_PATHS = NO;
				CLANG_CXX_LANGUAGE_STANDARD = "gnu++0x";
				CLANG_CXX_LIBRARY = "libc++";
				CLANG_ENABLE_MODULES = YES;
				CLANG_ENABLE_OBJC_ARC = YES;
				CLANG_WARN_BOOL_CONVERSION = YES;
				CLANG_WARN_CONSTANT_CONVERSION = YES;
				CLANG_WARN_DIRECT_OBJC_ISA_USAGE = YES_ERROR;
				CLANG_WARN_EMPTY_BODY = YES;
				CLANG_WARN_ENUM_CONVERSION = YES;
				CLANG_WARN_INT_CONVERSION = YES;
				CLANG_WARN_OBJC_ROOT_CLASS = YES_ERROR;
				CLANG_WARN_UNREACHABLE_CODE = YES;
				CLANG_WARN__DUPLICATE_METHOD_MATCH = YES;
				"CODE_SIGN_IDENTITY[sdk=iphoneos*]" = "iPhone Developer";
				COPY_PHASE_STRIP = YES;
				ENABLE_NS_ASSERTIONS = NO;
				ENABLE_STRICT_OBJC_MSGSEND = YES;
				GCC_C_LANGUAGE_STANDARD = gnu99;
				GCC_WARN_64_TO_32_BIT_CONVERSION = YES;
				GCC_WARN_ABOUT_RETURN_TYPE = YES_ERROR;
				GCC_WARN_UNDECLARED_SELECTOR = YES;
				GCC_WARN_UNINITIALIZED_AUTOS = YES_AGGRESSIVE;
				GCC_WARN_UNUSED_FUNCTION = YES;
				GCC_WARN_UNUSED_VARIABLE = YES;
				IPHONEOS_DEPLOYMENT_TARGET = 8.1;
				MTL_ENABLE_DEBUG_INFO = NO;
				SDKROOT = iphoneos;
				VALIDATE_PRODUCT = YES;
			};
			name = Release;
		};
		163C90471AAA90EE0045404E /* Debug */ = {
			isa = XCBuildConfiguration;
			buildSettings = {
				ASSETCATALOG_COMPILER_APPICON_NAME = AppIcon;
				INFOPLIST_FILE = TouchEx/Info.plist;
				LD_RUNPATH_SEARCH_PATHS = "$(inherited) @executable_path/Frameworks";
				PRODUCT_NAME = "$(TARGET_NAME)";
			};
			name = Debug;
		};
		163C90481AAA90EE0045404E /* Release */ = {
			isa = XCBuildConfiguration;
			buildSettings = {
				ASSETCATALOG_COMPILER_APPICON_NAME = AppIcon;
				INFOPLIST_FILE = TouchEx/Info.plist;
				LD_RUNPATH_SEARCH_PATHS = "$(inherited) @executable_path/Frameworks";
				PRODUCT_NAME = "$(TARGET_NAME)";
			};
			name = Release;
		};
		163C904A1AAA90EE0045404E /* Debug */ = {
			isa = XCBuildConfiguration;
			buildSettings = {
				BUNDLE_LOADER = "$(TEST_HOST)";
				FRAMEWORK_SEARCH_PATHS = (
					"$(SDKROOT)/Developer/Library/Frameworks",
					"$(inherited)",
				);
				GCC_PREPROCESSOR_DEFINITIONS = (
					"DEBUG=1",
					"$(inherited)",
				);
				INFOPLIST_FILE = TouchExTests/Info.plist;
				LD_RUNPATH_SEARCH_PATHS = "$(inherited) @executable_path/Frameworks @loader_path/Frameworks";
				PRODUCT_NAME = "$(TARGET_NAME)";
				TEST_HOST = "$(BUILT_PRODUCTS_DIR)/TouchEx.app/TouchEx";
			};
			name = Debug;
		};
		163C904B1AAA90EE0045404E /* Release */ = {
			isa = XCBuildConfiguration;
			buildSettings = {
				BUNDLE_LOADER = "$(TEST_HOST)";
				FRAMEWORK_SEARCH_PATHS = (
					"$(SDKROOT)/Developer/Library/Frameworks",
					"$(inherited)",
				);
				INFOPLIST_FILE = TouchExTests/Info.plist;
				LD_RUNPATH_SEARCH_PATHS = "$(inherited) @executable_path/Frameworks @loader_path/Frameworks";
				PRODUCT_NAME = "$(TARGET_NAME)";
				TEST_HOST = "$(BUILT_PRODUCTS_DIR)/TouchEx.app/TouchEx";
			};
			name = Release;
		};
/* End XCBuildConfiguration section */

/* Begin XCConfigurationList section */
		163C90221AAA90EE0045404E /* Build configuration list for PBXProject "TouchEx" */ = {
			isa = XCConfigurationList;
			buildConfigurations = (
				163C90441AAA90EE0045404E /* Debug */,
				163C90451AAA90EE0045404E /* Release */,
			);
			defaultConfigurationIsVisible = 0;
			defaultConfigurationName = Release;
		};
		163C90461AAA90EE0045404E /* Build configuration list for PBXNativeTarget "TouchEx" */ = {
			isa = XCConfigurationList;
			buildConfigurations = (
				163C90471AAA90EE0045404E /* Debug */,
				163C90481AAA90EE0045404E /* Release */,
			);
			defaultConfigurationIsVisible = 0;
		};
		163C90491AAA90EE0045404E /* Build configuration list for PBXNativeTarget "TouchExTests" */ = {
			isa = XCConfigurationList;
			buildConfigurations = (
				163C904A1AAA90EE0045404E /* Debug */,
				163C904B1AAA90EE0045404E /* Release */,
			);
			defaultConfigurationIsVisible = 0;
		};
/* End XCConfigurationList section */
	};
	rootObject = 163C901F1AAA90EE0045404E /* Project object */;
}
